// !$*UTF8*$!
{
	archiveVersion = 1;
	classes = {
	};
	objectVersion = 46;
	objects = {

/* Begin PBXBuildFile section */
		93032F7E13EF21E900C02357 /* UIKit.framework in Frameworks */ = {isa = PBXBuildFile; fileRef = 93032F7D13EF21E900C02357 /* UIKit.framework */; };
		93032F8013EF21E900C02357 /* Foundation.framework in Frameworks */ = {isa = PBXBuildFile; fileRef = 93032F7F13EF21E900C02357 /* Foundation.framework */; };
		93032F8213EF21E900C02357 /* CoreGraphics.framework in Frameworks */ = {isa = PBXBuildFile; fileRef = 93032F8113EF21E900C02357 /* CoreGraphics.framework */; };
		93032F8813EF21E900C02357 /* InfoPlist.strings in Resources */ = {isa = PBXBuildFile; fileRef = 93032F8613EF21E900C02357 /* InfoPlist.strings */; };
		93032F8A13EF21E900C02357 /* main.m in Sources */ = {isa = PBXBuildFile; fileRef = 93032F8913EF21E900C02357 /* main.m */; };
		93032F8E13EF21E900C02357 /* OrcaAppDelegate.m in Sources */ = {isa = PBXBuildFile; fileRef = 93032F8D13EF21E900C02357 /* OrcaAppDelegate.m */; };
		93032F9113EF21E900C02357 /* MainWindow.xib in Resources */ = {isa = PBXBuildFile; fileRef = 93032F8F13EF21E900C02357 /* MainWindow.xib */; };
		93032F9413EF21E900C02357 /* RootViewController.m in Sources */ = {isa = PBXBuildFile; fileRef = 93032F9313EF21E900C02357 /* RootViewController.m */; };
		93032F9713EF21E900C02357 /* RootViewController.xib in Resources */ = {isa = PBXBuildFile; fileRef = 93032F9513EF21E900C02357 /* RootViewController.xib */; };
		93032FF813EF243D00C02357 /* JSONKit.m in Sources */ = {isa = PBXBuildFile; fileRef = 93032FDF13EF243D00C02357 /* JSONKit.m */; };
		93032FFF13EF24F000C02357 /* SVProgressHUD.bundle in Resources */ = {isa = PBXBuildFile; fileRef = 93032FFC13EF24F000C02357 /* SVProgressHUD.bundle */; };
		9303300013EF24F000C02357 /* SVProgressHUD.m in Sources */ = {isa = PBXBuildFile; fileRef = 93032FFE13EF24F000C02357 /* SVProgressHUD.m */; };
		9303300213EF24FE00C02357 /* QuartzCore.framework in Frameworks */ = {isa = PBXBuildFile; fileRef = 9303300113EF24FE00C02357 /* QuartzCore.framework */; };
		9303300513EF278100C02357 /* OrcaAPIClient.m in Sources */ = {isa = PBXBuildFile; fileRef = 9303300413EF278100C02357 /* OrcaAPIClient.m */; };
		9303300913EF407D00C02357 /* LoginViewController.m in Sources */ = {isa = PBXBuildFile; fileRef = 9303300713EF407D00C02357 /* LoginViewController.m */; };
		9303300A13EF407D00C02357 /* LoginViewController.xib in Resources */ = {isa = PBXBuildFile; fileRef = 9303300813EF407D00C02357 /* LoginViewController.xib */; };
		931FCFE913F7111C00847D0C /* Card.m in Sources */ = {isa = PBXBuildFile; fileRef = 931FCFE813F7111C00847D0C /* Card.m */; };
		931FCFEC13F733E000847D0C /* LoginManager.m in Sources */ = {isa = PBXBuildFile; fileRef = 931FCFEB13F733E000847D0C /* LoginManager.m */; };
		931FCFF013F733FF00847D0C /* SFHFKeychainUtils.m in Sources */ = {isa = PBXBuildFile; fileRef = 931FCFEF13F733FF00847D0C /* SFHFKeychainUtils.m */; };
		931FCFF213F7341400847D0C /* Security.framework in Frameworks */ = {isa = PBXBuildFile; fileRef = 931FCFF113F7341400847D0C /* Security.framework */; };
		931FCFF513F735A900847D0C /* OrcaCredentials.m in Sources */ = {isa = PBXBuildFile; fileRef = 931FCFF413F735A900847D0C /* OrcaCredentials.m */; };
		931FD00913F7381500847D0C /* AFDataRequestOperation.m in Sources */ = {isa = PBXBuildFile; fileRef = 931FCFF813F7381500847D0C /* AFDataRequestOperation.m */; };
		931FD00A13F7381500847D0C /* AFHTTPRequestOperation.m in Sources */ = {isa = PBXBuildFile; fileRef = 931FCFFA13F7381500847D0C /* AFHTTPRequestOperation.m */; };
		931FD00B13F7381500847D0C /* AFImageCache.m in Sources */ = {isa = PBXBuildFile; fileRef = 931FCFFC13F7381500847D0C /* AFImageCache.m */; };
		931FD00C13F7381500847D0C /* AFImageRequestOperation.m in Sources */ = {isa = PBXBuildFile; fileRef = 931FCFFE13F7381500847D0C /* AFImageRequestOperation.m */; };
		931FD00D13F7381500847D0C /* AFJSONRequestOperation.m in Sources */ = {isa = PBXBuildFile; fileRef = 931FD00013F7381500847D0C /* AFJSONRequestOperation.m */; };
		931FD00E13F7381500847D0C /* AFNetworkActivityIndicatorManager.m in Sources */ = {isa = PBXBuildFile; fileRef = 931FD00213F7381500847D0C /* AFNetworkActivityIndicatorManager.m */; };
		931FD00F13F7381500847D0C /* AFRestClient.m in Sources */ = {isa = PBXBuildFile; fileRef = 931FD00413F7381500847D0C /* AFRestClient.m */; };
		931FD01013F7381500847D0C /* UIImage+AFNetworking.m in Sources */ = {isa = PBXBuildFile; fileRef = 931FD00613F7381500847D0C /* UIImage+AFNetworking.m */; };
		931FD01113F7381500847D0C /* UIImageView+AFNetworking.m in Sources */ = {isa = PBXBuildFile; fileRef = 931FD00813F7381500847D0C /* UIImageView+AFNetworking.m */; };
		933B99B713F6F4D8001E3329 /* XPathQuery.m in Sources */ = {isa = PBXBuildFile; fileRef = 933B99B613F6F4D8001E3329 /* XPathQuery.m */; };
		933B99BA13F6F4EC001E3329 /* libxml2.dylib in Frameworks */ = {isa = PBXBuildFile; fileRef = 933B99B913F6F4EC001E3329 /* libxml2.dylib */; };
/* End PBXBuildFile section */

/* Begin PBXFileReference section */
		93032F7913EF21E900C02357 /* Orca.app */ = {isa = PBXFileReference; explicitFileType = wrapper.application; includeInIndex = 0; path = Orca.app; sourceTree = BUILT_PRODUCTS_DIR; };
		93032F7D13EF21E900C02357 /* UIKit.framework */ = {isa = PBXFileReference; lastKnownFileType = wrapper.framework; name = UIKit.framework; path = System/Library/Frameworks/UIKit.framework; sourceTree = SDKROOT; };
		93032F7F13EF21E900C02357 /* Foundation.framework */ = {isa = PBXFileReference; lastKnownFileType = wrapper.framework; name = Foundation.framework; path = System/Library/Frameworks/Foundation.framework; sourceTree = SDKROOT; };
		93032F8113EF21E900C02357 /* CoreGraphics.framework */ = {isa = PBXFileReference; lastKnownFileType = wrapper.framework; name = CoreGraphics.framework; path = System/Library/Frameworks/CoreGraphics.framework; sourceTree = SDKROOT; };
		93032F8513EF21E900C02357 /* Orca-Info.plist */ = {isa = PBXFileReference; lastKnownFileType = text.plist.xml; path = "Orca-Info.plist"; sourceTree = "<group>"; };
		93032F8713EF21E900C02357 /* en */ = {isa = PBXFileReference; lastKnownFileType = text.plist.strings; name = en; path = en.lproj/InfoPlist.strings; sourceTree = "<group>"; };
		93032F8913EF21E900C02357 /* main.m */ = {isa = PBXFileReference; lastKnownFileType = sourcecode.c.objc; path = main.m; sourceTree = "<group>"; };
		93032F8B13EF21E900C02357 /* Orca-Prefix.pch */ = {isa = PBXFileReference; lastKnownFileType = sourcecode.c.h; path = "Orca-Prefix.pch"; sourceTree = "<group>"; };
		93032F8C13EF21E900C02357 /* OrcaAppDelegate.h */ = {isa = PBXFileReference; lastKnownFileType = sourcecode.c.h; path = OrcaAppDelegate.h; sourceTree = "<group>"; };
		93032F8D13EF21E900C02357 /* OrcaAppDelegate.m */ = {isa = PBXFileReference; lastKnownFileType = sourcecode.c.objc; path = OrcaAppDelegate.m; sourceTree = "<group>"; };
		93032F9013EF21E900C02357 /* en */ = {isa = PBXFileReference; lastKnownFileType = file.xib; name = en; path = en.lproj/MainWindow.xib; sourceTree = "<group>"; };
		93032F9213EF21E900C02357 /* RootViewController.h */ = {isa = PBXFileReference; lastKnownFileType = sourcecode.c.h; path = RootViewController.h; sourceTree = "<group>"; };
		93032F9313EF21E900C02357 /* RootViewController.m */ = {isa = PBXFileReference; lastKnownFileType = sourcecode.c.objc; path = RootViewController.m; sourceTree = "<group>"; };
		93032F9613EF21E900C02357 /* en */ = {isa = PBXFileReference; lastKnownFileType = file.xib; name = en; path = en.lproj/RootViewController.xib; sourceTree = "<group>"; };
		93032FDE13EF243D00C02357 /* JSONKit.h */ = {isa = PBXFileReference; fileEncoding = 4; lastKnownFileType = sourcecode.c.h; path = JSONKit.h; sourceTree = "<group>"; };
		93032FDF13EF243D00C02357 /* JSONKit.m */ = {isa = PBXFileReference; fileEncoding = 4; lastKnownFileType = sourcecode.c.objc; path = JSONKit.m; sourceTree = "<group>"; };
		93032FFC13EF24F000C02357 /* SVProgressHUD.bundle */ = {isa = PBXFileReference; lastKnownFileType = "wrapper.plug-in"; path = SVProgressHUD.bundle; sourceTree = "<group>"; };
		93032FFD13EF24F000C02357 /* SVProgressHUD.h */ = {isa = PBXFileReference; fileEncoding = 4; lastKnownFileType = sourcecode.c.h; path = SVProgressHUD.h; sourceTree = "<group>"; };
		93032FFE13EF24F000C02357 /* SVProgressHUD.m */ = {isa = PBXFileReference; fileEncoding = 4; lastKnownFileType = sourcecode.c.objc; path = SVProgressHUD.m; sourceTree = "<group>"; };
		9303300113EF24FE00C02357 /* QuartzCore.framework */ = {isa = PBXFileReference; lastKnownFileType = wrapper.framework; name = QuartzCore.framework; path = System/Library/Frameworks/QuartzCore.framework; sourceTree = SDKROOT; };
		9303300313EF278100C02357 /* OrcaAPIClient.h */ = {isa = PBXFileReference; fileEncoding = 4; lastKnownFileType = sourcecode.c.h; path = OrcaAPIClient.h; sourceTree = "<group>"; };
		9303300413EF278100C02357 /* OrcaAPIClient.m */ = {isa = PBXFileReference; fileEncoding = 4; lastKnownFileType = sourcecode.c.objc; path = OrcaAPIClient.m; sourceTree = "<group>"; };
		9303300613EF407D00C02357 /* LoginViewController.h */ = {isa = PBXFileReference; fileEncoding = 4; lastKnownFileType = sourcecode.c.h; path = LoginViewController.h; sourceTree = "<group>"; };
		9303300713EF407D00C02357 /* LoginViewController.m */ = {isa = PBXFileReference; fileEncoding = 4; lastKnownFileType = sourcecode.c.objc; path = LoginViewController.m; sourceTree = "<group>"; };
		9303300813EF407D00C02357 /* LoginViewController.xib */ = {isa = PBXFileReference; fileEncoding = 4; lastKnownFileType = file.xib; path = LoginViewController.xib; sourceTree = "<group>"; };
		931FCFE713F7111C00847D0C /* Card.h */ = {isa = PBXFileReference; fileEncoding = 4; lastKnownFileType = sourcecode.c.h; path = Card.h; sourceTree = "<group>"; };
		931FCFE813F7111C00847D0C /* Card.m */ = {isa = PBXFileReference; fileEncoding = 4; lastKnownFileType = sourcecode.c.objc; path = Card.m; sourceTree = "<group>"; };
		931FCFEA13F733E000847D0C /* LoginManager.h */ = {isa = PBXFileReference; fileEncoding = 4; lastKnownFileType = sourcecode.c.h; path = LoginManager.h; sourceTree = "<group>"; };
		931FCFEB13F733E000847D0C /* LoginManager.m */ = {isa = PBXFileReference; fileEncoding = 4; lastKnownFileType = sourcecode.c.objc; path = LoginManager.m; sourceTree = "<group>"; };
		931FCFEE13F733FF00847D0C /* SFHFKeychainUtils.h */ = {isa = PBXFileReference; fileEncoding = 4; lastKnownFileType = sourcecode.c.h; path = SFHFKeychainUtils.h; sourceTree = "<group>"; };
		931FCFEF13F733FF00847D0C /* SFHFKeychainUtils.m */ = {isa = PBXFileReference; fileEncoding = 4; lastKnownFileType = sourcecode.c.objc; path = SFHFKeychainUtils.m; sourceTree = "<group>"; };
		931FCFF113F7341400847D0C /* Security.framework */ = {isa = PBXFileReference; lastKnownFileType = wrapper.framework; name = Security.framework; path = System/Library/Frameworks/Security.framework; sourceTree = SDKROOT; };
		931FCFF313F735A900847D0C /* OrcaCredentials.h */ = {isa = PBXFileReference; fileEncoding = 4; lastKnownFileType = sourcecode.c.h; path = OrcaCredentials.h; sourceTree = "<group>"; };
		931FCFF413F735A900847D0C /* OrcaCredentials.m */ = {isa = PBXFileReference; fileEncoding = 4; lastKnownFileType = sourcecode.c.objc; path = OrcaCredentials.m; sourceTree = "<group>"; };
		931FCFF713F7381500847D0C /* AFDataRequestOperation.h */ = {isa = PBXFileReference; fileEncoding = 4; lastKnownFileType = sourcecode.c.h; path = AFDataRequestOperation.h; sourceTree = "<group>"; };
		931FCFF813F7381500847D0C /* AFDataRequestOperation.m */ = {isa = PBXFileReference; fileEncoding = 4; lastKnownFileType = sourcecode.c.objc; path = AFDataRequestOperation.m; sourceTree = "<group>"; };
		931FCFF913F7381500847D0C /* AFHTTPRequestOperation.h */ = {isa = PBXFileReference; fileEncoding = 4; lastKnownFileType = sourcecode.c.h; path = AFHTTPRequestOperation.h; sourceTree = "<group>"; };
		931FCFFA13F7381500847D0C /* AFHTTPRequestOperation.m */ = {isa = PBXFileReference; fileEncoding = 4; lastKnownFileType = sourcecode.c.objc; path = AFHTTPRequestOperation.m; sourceTree = "<group>"; };
		931FCFFB13F7381500847D0C /* AFImageCache.h */ = {isa = PBXFileReference; fileEncoding = 4; lastKnownFileType = sourcecode.c.h; path = AFImageCache.h; sourceTree = "<group>"; };
		931FCFFC13F7381500847D0C /* AFImageCache.m */ = {isa = PBXFileReference; fileEncoding = 4; lastKnownFileType = sourcecode.c.objc; path = AFImageCache.m; sourceTree = "<group>"; };
		931FCFFD13F7381500847D0C /* AFImageRequestOperation.h */ = {isa = PBXFileReference; fileEncoding = 4; lastKnownFileType = sourcecode.c.h; path = AFImageRequestOperation.h; sourceTree = "<group>"; };
		931FCFFE13F7381500847D0C /* AFImageRequestOperation.m */ = {isa = PBXFileReference; fileEncoding = 4; lastKnownFileType = sourcecode.c.objc; path = AFImageRequestOperation.m; sourceTree = "<group>"; };
		931FCFFF13F7381500847D0C /* AFJSONRequestOperation.h */ = {isa = PBXFileReference; fileEncoding = 4; lastKnownFileType = sourcecode.c.h; path = AFJSONRequestOperation.h; sourceTree = "<group>"; };
		931FD00013F7381500847D0C /* AFJSONRequestOperation.m */ = {isa = PBXFileReference; fileEncoding = 4; lastKnownFileType = sourcecode.c.objc; path = AFJSONRequestOperation.m; sourceTree = "<group>"; };
		931FD00113F7381500847D0C /* AFNetworkActivityIndicatorManager.h */ = {isa = PBXFileReference; fileEncoding = 4; lastKnownFileType = sourcecode.c.h; path = AFNetworkActivityIndicatorManager.h; sourceTree = "<group>"; };
		931FD00213F7381500847D0C /* AFNetworkActivityIndicatorManager.m */ = {isa = PBXFileReference; fileEncoding = 4; lastKnownFileType = sourcecode.c.objc; path = AFNetworkActivityIndicatorManager.m; sourceTree = "<group>"; };
		931FD00313F7381500847D0C /* AFRestClient.h */ = {isa = PBXFileReference; fileEncoding = 4; lastKnownFileType = sourcecode.c.h; path = AFRestClient.h; sourceTree = "<group>"; };
		931FD00413F7381500847D0C /* AFRestClient.m */ = {isa = PBXFileReference; fileEncoding = 4; lastKnownFileType = sourcecode.c.objc; path = AFRestClient.m; sourceTree = "<group>"; };
		931FD00513F7381500847D0C /* UIImage+AFNetworking.h */ = {isa = PBXFileReference; fileEncoding = 4; lastKnownFileType = sourcecode.c.h; path = "UIImage+AFNetworking.h"; sourceTree = "<group>"; };
		931FD00613F7381500847D0C /* UIImage+AFNetworking.m */ = {isa = PBXFileReference; fileEncoding = 4; lastKnownFileType = sourcecode.c.objc; path = "UIImage+AFNetworking.m"; sourceTree = "<group>"; };
		931FD00713F7381500847D0C /* UIImageView+AFNetworking.h */ = {isa = PBXFileReference; fileEncoding = 4; lastKnownFileType = sourcecode.c.h; path = "UIImageView+AFNetworking.h"; sourceTree = "<group>"; };
		931FD00813F7381500847D0C /* UIImageView+AFNetworking.m */ = {isa = PBXFileReference; fileEncoding = 4; lastKnownFileType = sourcecode.c.objc; path = "UIImageView+AFNetworking.m"; sourceTree = "<group>"; };
		933B99B513F6F4D8001E3329 /* XPathQuery.h */ = {isa = PBXFileReference; fileEncoding = 4; lastKnownFileType = sourcecode.c.h; path = XPathQuery.h; sourceTree = "<group>"; };
		933B99B613F6F4D8001E3329 /* XPathQuery.m */ = {isa = PBXFileReference; fileEncoding = 4; lastKnownFileType = sourcecode.c.objc; path = XPathQuery.m; sourceTree = "<group>"; };
		933B99B913F6F4EC001E3329 /* libxml2.dylib */ = {isa = PBXFileReference; lastKnownFileType = "compiled.mach-o.dylib"; name = libxml2.dylib; path = usr/lib/libxml2.dylib; sourceTree = SDKROOT; };
/* End PBXFileReference section */

/* Begin PBXFrameworksBuildPhase section */
		93032F7613EF21E900C02357 /* Frameworks */ = {
			isa = PBXFrameworksBuildPhase;
			buildActionMask = 2147483647;
			files = (
				931FCFF213F7341400847D0C /* Security.framework in Frameworks */,
				933B99BA13F6F4EC001E3329 /* libxml2.dylib in Frameworks */,
				9303300213EF24FE00C02357 /* QuartzCore.framework in Frameworks */,
				93032F7E13EF21E900C02357 /* UIKit.framework in Frameworks */,
				93032F8013EF21E900C02357 /* Foundation.framework in Frameworks */,
				93032F8213EF21E900C02357 /* CoreGraphics.framework in Frameworks */,
			);
			runOnlyForDeploymentPostprocessing = 0;
		};
/* End PBXFrameworksBuildPhase section */

/* Begin PBXGroup section */
		93032F6E13EF21E900C02357 = {
			isa = PBXGroup;
			children = (
				93032FFA13EF24E500C02357 /* Controls */,
				93032F9D13EF225A00C02357 /* Libraries */,
				93032F8313EF21E900C02357 /* Orca */,
				93032F7C13EF21E900C02357 /* Frameworks */,
				93032F7A13EF21E900C02357 /* Products */,
			);
			sourceTree = "<group>";
		};
		93032F7A13EF21E900C02357 /* Products */ = {
			isa = PBXGroup;
			children = (
				93032F7913EF21E900C02357 /* Orca.app */,
			);
			name = Products;
			sourceTree = "<group>";
		};
		93032F7C13EF21E900C02357 /* Frameworks */ = {
			isa = PBXGroup;
			children = (
				931FCFF113F7341400847D0C /* Security.framework */,
				933B99B913F6F4EC001E3329 /* libxml2.dylib */,
				9303300113EF24FE00C02357 /* QuartzCore.framework */,
				93032F7D13EF21E900C02357 /* UIKit.framework */,
				93032F7F13EF21E900C02357 /* Foundation.framework */,
				93032F8113EF21E900C02357 /* CoreGraphics.framework */,
			);
			name = Frameworks;
			sourceTree = "<group>";
		};
		93032F8313EF21E900C02357 /* Orca */ = {
			isa = PBXGroup;
			children = (
				931FCFEA13F733E000847D0C /* LoginManager.h */,
				931FCFEB13F733E000847D0C /* LoginManager.m */,
				93032F8C13EF21E900C02357 /* OrcaAppDelegate.h */,
				93032F8D13EF21E900C02357 /* OrcaAppDelegate.m */,
				93032F8F13EF21E900C02357 /* MainWindow.xib */,
				93032F9213EF21E900C02357 /* RootViewController.h */,
				93032F9313EF21E900C02357 /* RootViewController.m */,
				93032F9513EF21E900C02357 /* RootViewController.xib */,
				93032F8413EF21E900C02357 /* Supporting Files */,
				9303300313EF278100C02357 /* OrcaAPIClient.h */,
				9303300413EF278100C02357 /* OrcaAPIClient.m */,
				9303300613EF407D00C02357 /* LoginViewController.h */,
				9303300713EF407D00C02357 /* LoginViewController.m */,
				9303300813EF407D00C02357 /* LoginViewController.xib */,
				931FCFE713F7111C00847D0C /* Card.h */,
				931FCFE813F7111C00847D0C /* Card.m */,
				931FCFF313F735A900847D0C /* OrcaCredentials.h */,
				931FCFF413F735A900847D0C /* OrcaCredentials.m */,
			);
			path = Orca;
			sourceTree = "<group>";
		};
		93032F8413EF21E900C02357 /* Supporting Files */ = {
			isa = PBXGroup;
			children = (
				93032F8513EF21E900C02357 /* Orca-Info.plist */,
				93032F8613EF21E900C02357 /* InfoPlist.strings */,
				93032F8913EF21E900C02357 /* main.m */,
				93032F8B13EF21E900C02357 /* Orca-Prefix.pch */,
			);
			name = "Supporting Files";
			sourceTree = "<group>";
		};
		93032F9D13EF225A00C02357 /* Libraries */ = {
			isa = PBXGroup;
			children = (
				931FCFF613F7381500847D0C /* AFNetworking */,
				931FCFED13F733FF00847D0C /* SFHFKeychain */,
				933B99B413F6F4D8001E3329 /* XPathQuery */,
				93032FB713EF243D00C02357 /* JSONKit */,
			);
			name = Libraries;
			sourceTree = "<group>";
		};
		93032FB713EF243D00C02357 /* JSONKit */ = {
			isa = PBXGroup;
			children = (
				93032FDE13EF243D00C02357 /* JSONKit.h */,
				93032FDF13EF243D00C02357 /* JSONKit.m */,
			);
			name = JSONKit;
			path = Orca/Libraries/JSONKit;
			sourceTree = "<group>";
		};
		93032FFA13EF24E500C02357 /* Controls */ = {
			isa = PBXGroup;
			children = (
				93032FFB13EF24F000C02357 /* SVProgressHUD */,
			);
			name = Controls;
			sourceTree = "<group>";
		};
		93032FFB13EF24F000C02357 /* SVProgressHUD */ = {
			isa = PBXGroup;
			children = (
				93032FFC13EF24F000C02357 /* SVProgressHUD.bundle */,
				93032FFD13EF24F000C02357 /* SVProgressHUD.h */,
				93032FFE13EF24F000C02357 /* SVProgressHUD.m */,
			);
			name = SVProgressHUD;
			path = Orca/Controls/SVProgressHUD/SVProgressHUD;
			sourceTree = "<group>";
		};
		931FCFED13F733FF00847D0C /* SFHFKeychain */ = {
			isa = PBXGroup;
			children = (
				931FCFEE13F733FF00847D0C /* SFHFKeychainUtils.h */,
				931FCFEF13F733FF00847D0C /* SFHFKeychainUtils.m */,
			);
			name = SFHFKeychain;
			path = Orca/Libraries/SFHFiPhone/security;
			sourceTree = "<group>";
		};
		931FCFF613F7381500847D0C /* AFNetworking */ = {
			isa = PBXGroup;
			children = (
				931FCFF713F7381500847D0C /* AFDataRequestOperation.h */,
				931FCFF813F7381500847D0C /* AFDataRequestOperation.m */,
				931FCFF913F7381500847D0C /* AFHTTPRequestOperation.h */,
				931FCFFA13F7381500847D0C /* AFHTTPRequestOperation.m */,
				931FCFFB13F7381500847D0C /* AFImageCache.h */,
				931FCFFC13F7381500847D0C /* AFImageCache.m */,
				931FCFFD13F7381500847D0C /* AFImageRequestOperation.h */,
				931FCFFE13F7381500847D0C /* AFImageRequestOperation.m */,
				931FCFFF13F7381500847D0C /* AFJSONRequestOperation.h */,
				931FD00013F7381500847D0C /* AFJSONRequestOperation.m */,
				931FD00113F7381500847D0C /* AFNetworkActivityIndicatorManager.h */,
				931FD00213F7381500847D0C /* AFNetworkActivityIndicatorManager.m */,
				931FD00313F7381500847D0C /* AFRestClient.h */,
				931FD00413F7381500847D0C /* AFRestClient.m */,
				931FD00513F7381500847D0C /* UIImage+AFNetworking.h */,
				931FD00613F7381500847D0C /* UIImage+AFNetworking.m */,
				931FD00713F7381500847D0C /* UIImageView+AFNetworking.h */,
				931FD00813F7381500847D0C /* UIImageView+AFNetworking.m */,
			);
			name = AFNetworking;
			path = Orca/Libraries/AFNetworking;
			sourceTree = "<group>";
		};
		933B99B413F6F4D8001E3329 /* XPathQuery */ = {
			isa = PBXGroup;
			children = (
				933B99B513F6F4D8001E3329 /* XPathQuery.h */,
				933B99B613F6F4D8001E3329 /* XPathQuery.m */,
			);
			name = XPathQuery;
			path = Orca/Libraries/XPathQuery;
			sourceTree = "<group>";
		};
/* End PBXGroup section */

/* Begin PBXNativeTarget section */
		93032F7813EF21E900C02357 /* Orca */ = {
			isa = PBXNativeTarget;
			buildConfigurationList = 93032F9A13EF21E900C02357 /* Build configuration list for PBXNativeTarget "Orca" */;
			buildPhases = (
				93032F7513EF21E900C02357 /* Sources */,
				93032F7613EF21E900C02357 /* Frameworks */,
				93032F7713EF21E900C02357 /* Resources */,
			);
			buildRules = (
			);
			dependencies = (
			);
			name = Orca;
			productName = Orca;
			productReference = 93032F7913EF21E900C02357 /* Orca.app */;
			productType = "com.apple.product-type.application";
		};
/* End PBXNativeTarget section */

/* Begin PBXProject section */
		93032F7013EF21E900C02357 /* Project object */ = {
			isa = PBXProject;
			buildConfigurationList = 93032F7313EF21E900C02357 /* Build configuration list for PBXProject "Orca" */;
			compatibilityVersion = "Xcode 3.2";
			developmentRegion = English;
			hasScannedForEncodings = 0;
			knownRegions = (
				en,
			);
			mainGroup = 93032F6E13EF21E900C02357;
			productRefGroup = 93032F7A13EF21E900C02357 /* Products */;
			projectDirPath = "";
			projectRoot = "";
			targets = (
				93032F7813EF21E900C02357 /* Orca */,
			);
		};
/* End PBXProject section */

/* Begin PBXResourcesBuildPhase section */
		93032F7713EF21E900C02357 /* Resources */ = {
			isa = PBXResourcesBuildPhase;
			buildActionMask = 2147483647;
			files = (
				93032F8813EF21E900C02357 /* InfoPlist.strings in Resources */,
				93032F9113EF21E900C02357 /* MainWindow.xib in Resources */,
				93032F9713EF21E900C02357 /* RootViewController.xib in Resources */,
				93032FFF13EF24F000C02357 /* SVProgressHUD.bundle in Resources */,
				9303300A13EF407D00C02357 /* LoginViewController.xib in Resources */,
			);
			runOnlyForDeploymentPostprocessing = 0;
		};
/* End PBXResourcesBuildPhase section */

/* Begin PBXSourcesBuildPhase section */
		93032F7513EF21E900C02357 /* Sources */ = {
			isa = PBXSourcesBuildPhase;
			buildActionMask = 2147483647;
			files = (
				93032F8A13EF21E900C02357 /* main.m in Sources */,
				93032F8E13EF21E900C02357 /* OrcaAppDelegate.m in Sources */,
				93032F9413EF21E900C02357 /* RootViewController.m in Sources */,
				93032FF813EF243D00C02357 /* JSONKit.m in Sources */,
				9303300013EF24F000C02357 /* SVProgressHUD.m in Sources */,
				9303300513EF278100C02357 /* OrcaAPIClient.m in Sources */,
				9303300913EF407D00C02357 /* LoginViewController.m in Sources */,
				933B99B713F6F4D8001E3329 /* XPathQuery.m in Sources */,
				931FCFE913F7111C00847D0C /* Card.m in Sources */,
				931FCFEC13F733E000847D0C /* LoginManager.m in Sources */,
				931FCFF013F733FF00847D0C /* SFHFKeychainUtils.m in Sources */,
				931FCFF513F735A900847D0C /* OrcaCredentials.m in Sources */,
				931FD00913F7381500847D0C /* AFDataRequestOperation.m in Sources */,
				931FD00A13F7381500847D0C /* AFHTTPRequestOperation.m in Sources */,
				931FD00B13F7381500847D0C /* AFImageCache.m in Sources */,
				931FD00C13F7381500847D0C /* AFImageRequestOperation.m in Sources */,
				931FD00D13F7381500847D0C /* AFJSONRequestOperation.m in Sources */,
				931FD00E13F7381500847D0C /* AFNetworkActivityIndicatorManager.m in Sources */,
				931FD00F13F7381500847D0C /* AFRestClient.m in Sources */,
				931FD01013F7381500847D0C /* UIImage+AFNetworking.m in Sources */,
				931FD01113F7381500847D0C /* UIImageView+AFNetworking.m in Sources */,
			);
			runOnlyForDeploymentPostprocessing = 0;
		};
/* End PBXSourcesBuildPhase section */

/* Begin PBXVariantGroup section */
		93032F8613EF21E900C02357 /* InfoPlist.strings */ = {
			isa = PBXVariantGroup;
			children = (
				93032F8713EF21E900C02357 /* en */,
			);
			name = InfoPlist.strings;
			sourceTree = "<group>";
		};
		93032F8F13EF21E900C02357 /* MainWindow.xib */ = {
			isa = PBXVariantGroup;
			children = (
				93032F9013EF21E900C02357 /* en */,
			);
			name = MainWindow.xib;
			sourceTree = "<group>";
		};
		93032F9513EF21E900C02357 /* RootViewController.xib */ = {
			isa = PBXVariantGroup;
			children = (
				93032F9613EF21E900C02357 /* en */,
			);
			name = RootViewController.xib;
			sourceTree = "<group>";
		};
/* End PBXVariantGroup section */

/* Begin XCBuildConfiguration section */
		93032F9813EF21E900C02357 /* Debug */ = {
			isa = XCBuildConfiguration;
			buildSettings = {
				ALWAYS_SEARCH_USER_PATHS = NO;
				ARCHS = "$(ARCHS_STANDARD_32_BIT)";
				"CODE_SIGN_IDENTITY[sdk=iphoneos*]" = "iPhone Developer";
				COPY_PHASE_STRIP = NO;
				GCC_C_LANGUAGE_STANDARD = gnu99;
				GCC_DYNAMIC_NO_PIC = NO;
				GCC_OPTIMIZATION_LEVEL = 0;
				GCC_PREPROCESSOR_DEFINITIONS = (
					"DEBUG=1",
					"$(inherited)",
				);
				GCC_SYMBOLS_PRIVATE_EXTERN = NO;
				GCC_VERSION = com.apple.compilers.llvmgcc42;
				GCC_WARN_ABOUT_MISSING_PROTOTYPES = YES;
				GCC_WARN_ABOUT_RETURN_TYPE = YES;
				GCC_WARN_UNUSED_VARIABLE = YES;
				IPHONEOS_DEPLOYMENT_TARGET = 4.3;
				SDKROOT = iphoneos;
			};
			name = Debug;
		};
		93032F9913EF21E900C02357 /* Release */ = {
			isa = XCBuildConfiguration;
			buildSettings = {
				ALWAYS_SEARCH_USER_PATHS = NO;
				ARCHS = "$(ARCHS_STANDARD_32_BIT)";
				"CODE_SIGN_IDENTITY[sdk=iphoneos*]" = "iPhone Developer";
				COPY_PHASE_STRIP = YES;
				GCC_C_LANGUAGE_STANDARD = gnu99;
				GCC_VERSION = com.apple.compilers.llvmgcc42;
				GCC_WARN_ABOUT_MISSING_PROTOTYPES = YES;
				GCC_WARN_ABOUT_RETURN_TYPE = YES;
				GCC_WARN_UNUSED_VARIABLE = YES;
				IPHONEOS_DEPLOYMENT_TARGET = 4.3;
				OTHER_CFLAGS = "-DNS_BLOCK_ASSERTIONS=1";
				SDKROOT = iphoneos;
				VALIDATE_PRODUCT = YES;
			};
			name = Release;
		};
		93032F9B13EF21E900C02357 /* Debug */ = {
			isa = XCBuildConfiguration;
			buildSettings = {
				GCC_PRECOMPILE_PREFIX_HEADER = YES;
				GCC_PREFIX_HEADER = "Orca/Orca-Prefix.pch";
				HEADER_SEARCH_PATHS = "$(SDKROOT)/usr/include/libxml2";
				INFOPLIST_FILE = "Orca/Orca-Info.plist";
				PRODUCT_NAME = "$(TARGET_NAME)";
				WRAPPER_EXTENSION = app;
			};
			name = Debug;
		};
		93032F9C13EF21E900C02357 /* Release */ = {
			isa = XCBuildConfiguration;
			buildSettings = {
				GCC_PRECOMPILE_PREFIX_HEADER = YES;
				GCC_PREFIX_HEADER = "Orca/Orca-Prefix.pch";
				HEADER_SEARCH_PATHS = "$(SDKROOT)/usr/include/libxml2";
				INFOPLIST_FILE = "Orca/Orca-Info.plist";
				PRODUCT_NAME = "$(TARGET_NAME)";
				WRAPPER_EXTENSION = app;
			};
			name = Release;
		};
/* End XCBuildConfiguration section */

/* Begin XCConfigurationList section */
		93032F7313EF21E900C02357 /* Build configuration list for PBXProject "Orca" */ = {
			isa = XCConfigurationList;
			buildConfigurations = (
				93032F9813EF21E900C02357 /* Debug */,
				93032F9913EF21E900C02357 /* Release */,
			);
			defaultConfigurationIsVisible = 0;
			defaultConfigurationName = Release;
		};
		93032F9A13EF21E900C02357 /* Build configuration list for PBXNativeTarget "Orca" */ = {
			isa = XCConfigurationList;
			buildConfigurations = (
				93032F9B13EF21E900C02357 /* Debug */,
				93032F9C13EF21E900C02357 /* Release */,
			);
			defaultConfigurationIsVisible = 0;
			defaultConfigurationName = Release;
		};
/* End XCConfigurationList section */
	};
	rootObject = 93032F7013EF21E900C02357 /* Project object */;
}
